
Microsoft Visual Studio Solution File, Format Version 12.00
# Visual Studio Version 17
VisualStudioVersion = 17.5.33627.172
MinimumVisualStudioVersion = 10.0.40219.1
Project("{8BC9CEB8-8B4A-11D0-8D11-00A0C91BC942}") = "TetherInstaller", "NorthstarInstaller\NorthstarInstaller.vcxproj", "{C099AAEB-2340-45E1-A860-BD24183F9893}"
	ProjectSection(ProjectDependencies) = postProject
		{416A552C-5E38-4044-BEE8-80C23B42886F} = {416A552C-5E38-4044-BEE8-80C23B42886F}
		{99324208-6A16-49B7-B98B-15B1935810B0} = {99324208-6A16-49B7-B98B-15B1935810B0}
	EndProjectSection
EndProject
Project("{2150E333-8FDC-42A3-9474-1A3956D46DE8}") = "Solution Items", "Solution Items", "{5831024F-6555-4F2F-9017-A8AA7AB2059B}"
	ProjectSection(SolutionItems) = preProject
		.gitignore = .gitignore
		.github\workflows\build.yml = .github\workflows\build.yml
		LICENSE.txt = LICENSE.txt
		MakeRelease.ps1 = MakeRelease.ps1
		Setup.ps1 = Setup.ps1
	EndProjectSection
EndProject
Project("{2150E333-8FDC-42A3-9474-1A3956D46DE8}") = "Dependencies", "Dependencies", "{1E28D6DD-7759-4981-8E38-9F5042C0EC17}"
	ProjectSection(SolutionItems) = preProject
		NorthstarInstaller\Data\autojoin\mod\scripts\vscripts\autoJoinServer.gnut = NorthstarInstaller\Data\autojoin\mod\scripts\vscripts\autoJoinServer.gnut
		json\single_include\nlohmann\json.hpp = json\single_include\nlohmann\json.hpp
	EndProjectSection
EndProject
Project("{8BC9CEB8-8B4A-11D0-8D11-00A0C91BC942}") = "KlemmUI", "KlemmUI\KlemmUI.vcxproj", "{99324208-6A16-49B7-B98B-15B1935810B0}"
EndProject
Project("{8BC9CEB8-8B4A-11D0-8D11-00A0C91BC942}") = "TetherSetup", "AppInstaller\AppInstaller.vcxproj", "{E869D1CB-5BB4-4D00-8649-DCAD83BABDF0}"
	ProjectSection(ProjectDependencies) = postProject
		{C099AAEB-2340-45E1-A860-BD24183F9893} = {C099AAEB-2340-45E1-A860-BD24183F9893}
	EndProjectSection
EndProject
Project("{8BC9CEB8-8B4A-11D0-8D11-00A0C91BC942}") = "MarkupHeaderTool", "KlemmUI\Markup\MarkupHeaderTool\MarkupHeaderTool.vcxproj", "{416A552C-5E38-4044-BEE8-80C23B42886F}"
	ProjectSection(ProjectDependencies) = postProject
		{7BB8A60A-D204-4306-8170-A8A0AA641186} = {7BB8A60A-D204-4306-8170-A8A0AA641186}
	EndProjectSection
EndProject
Project("{8BC9CEB8-8B4A-11D0-8D11-00A0C91BC942}") = "KlemmUIMarkup", "KlemmUI\Markup\MarkupLib\MarkupLib.vcxproj", "{7BB8A60A-D204-4306-8170-A8A0AA641186}"
EndProject
Global
	GlobalSection(SolutionConfigurationPlatforms) = preSolution
		Debug|Any CPU = Debug|Any CPU
		Debug|ARM = Debug|ARM
		Debug|ARM64 = Debug|ARM64
		Debug|x64 = Debug|x64
		Debug|x86 = Debug|x86
		Dev|Any CPU = Dev|Any CPU
		Dev|ARM = Dev|ARM
		Dev|ARM64 = Dev|ARM64
		Dev|x64 = Dev|x64
		Dev|x86 = Dev|x86
		Plugin|Any CPU = Plugin|Any CPU
		Plugin|ARM = Plugin|ARM
		Plugin|ARM64 = Plugin|ARM64
		Plugin|x64 = Plugin|x64
		Plugin|x86 = Plugin|x86
		Release|Any CPU = Release|Any CPU
		Release|ARM = Release|ARM
		Release|ARM64 = Release|ARM64
		Release|x64 = Release|x64
		Release|x86 = Release|x86
	EndGlobalSection
	GlobalSection(ProjectConfigurationPlatforms) = postSolution
		{C099AAEB-2340-45E1-A860-BD24183F9893}.Debug|Any CPU.ActiveCfg = Dev|x64
		{C099AAEB-2340-45E1-A860-BD24183F9893}.Debug|Any CPU.Build.0 = Dev|x64
		{C099AAEB-2340-45E1-A860-BD24183F9893}.Debug|ARM.ActiveCfg = Dev|x64
		{C099AAEB-2340-45E1-A860-BD24183F9893}.Debug|ARM.Build.0 = Dev|x64
		{C099AAEB-2340-45E1-A860-BD24183F9893}.Debug|ARM64.ActiveCfg = Dev|x64
		{C099AAEB-2340-45E1-A860-BD24183F9893}.Debug|ARM64.Build.0 = Dev|x64
		{C099AAEB-2340-45E1-A860-BD24183F9893}.Debug|x64.ActiveCfg = Dev|x64
		{C099AAEB-2340-45E1-A860-BD24183F9893}.Debug|x64.Build.0 = Dev|x64
		{C099AAEB-2340-45E1-A860-BD24183F9893}.Debug|x86.ActiveCfg = Dev|x64
		{C099AAEB-2340-45E1-A860-BD24183F9893}.Debug|x86.Build.0 = Dev|x64
		{C099AAEB-2340-45E1-A860-BD24183F9893}.Dev|Any CPU.ActiveCfg = Dev|x64
		{C099AAEB-2340-45E1-A860-BD24183F9893}.Dev|Any CPU.Build.0 = Dev|x64
		{C099AAEB-2340-45E1-A860-BD24183F9893}.Dev|ARM.ActiveCfg = Dev|x64
		{C099AAEB-2340-45E1-A860-BD24183F9893}.Dev|ARM.Build.0 = Dev|x64
		{C099AAEB-2340-45E1-A860-BD24183F9893}.Dev|ARM64.ActiveCfg = Dev|x64
		{C099AAEB-2340-45E1-A860-BD24183F9893}.Dev|ARM64.Build.0 = Dev|x64
		{C099AAEB-2340-45E1-A860-BD24183F9893}.Dev|x64.ActiveCfg = Dev|x64
		{C099AAEB-2340-45E1-A860-BD24183F9893}.Dev|x64.Build.0 = Dev|x64
		{C099AAEB-2340-45E1-A860-BD24183F9893}.Dev|x86.ActiveCfg = Dev|x64
		{C099AAEB-2340-45E1-A860-BD24183F9893}.Dev|x86.Build.0 = Dev|x64
		{C099AAEB-2340-45E1-A860-BD24183F9893}.Plugin|Any CPU.ActiveCfg = Plugin|x64
		{C099AAEB-2340-45E1-A860-BD24183F9893}.Plugin|Any CPU.Build.0 = Plugin|x64
		{C099AAEB-2340-45E1-A860-BD24183F9893}.Plugin|ARM.ActiveCfg = Plugin|x64
		{C099AAEB-2340-45E1-A860-BD24183F9893}.Plugin|ARM.Build.0 = Plugin|x64
		{C099AAEB-2340-45E1-A860-BD24183F9893}.Plugin|ARM64.ActiveCfg = Plugin|x64
		{C099AAEB-2340-45E1-A860-BD24183F9893}.Plugin|ARM64.Build.0 = Plugin|x64
		{C099AAEB-2340-45E1-A860-BD24183F9893}.Plugin|x64.ActiveCfg = Plugin|x64
		{C099AAEB-2340-45E1-A860-BD24183F9893}.Plugin|x64.Build.0 = Plugin|x64
		{C099AAEB-2340-45E1-A860-BD24183F9893}.Plugin|x86.ActiveCfg = Plugin|x64
		{C099AAEB-2340-45E1-A860-BD24183F9893}.Plugin|x86.Build.0 = Plugin|x64
		{C099AAEB-2340-45E1-A860-BD24183F9893}.Release|Any CPU.ActiveCfg = Release|x64
		{C099AAEB-2340-45E1-A860-BD24183F9893}.Release|Any CPU.Build.0 = Release|x64
		{C099AAEB-2340-45E1-A860-BD24183F9893}.Release|ARM.ActiveCfg = Release|x64
		{C099AAEB-2340-45E1-A860-BD24183F9893}.Release|ARM.Build.0 = Release|x64
		{C099AAEB-2340-45E1-A860-BD24183F9893}.Release|ARM64.ActiveCfg = Release|x64
		{C099AAEB-2340-45E1-A860-BD24183F9893}.Release|ARM64.Build.0 = Release|x64
		{C099AAEB-2340-45E1-A860-BD24183F9893}.Release|x64.ActiveCfg = Release|x64
		{C099AAEB-2340-45E1-A860-BD24183F9893}.Release|x64.Build.0 = Release|x64
		{C099AAEB-2340-45E1-A860-BD24183F9893}.Release|x86.ActiveCfg = Release|x64
		{C099AAEB-2340-45E1-A860-BD24183F9893}.Release|x86.Build.0 = Release|x64
		{99324208-6A16-49B7-B98B-15B1935810B0}.Debug|Any CPU.ActiveCfg = Debug|x64
		{99324208-6A16-49B7-B98B-15B1935810B0}.Debug|Any CPU.Build.0 = Debug|x64
		{99324208-6A16-49B7-B98B-15B1935810B0}.Debug|ARM.ActiveCfg = Debug|x64
		{99324208-6A16-49B7-B98B-15B1935810B0}.Debug|ARM.Build.0 = Debug|x64
		{99324208-6A16-49B7-B98B-15B1935810B0}.Debug|ARM64.ActiveCfg = Debug|x64
		{99324208-6A16-49B7-B98B-15B1935810B0}.Debug|ARM64.Build.0 = Debug|x64
		{99324208-6A16-49B7-B98B-15B1935810B0}.Debug|x64.ActiveCfg = Debug|x64
		{99324208-6A16-49B7-B98B-15B1935810B0}.Debug|x64.Build.0 = Debug|x64
		{99324208-6A16-49B7-B98B-15B1935810B0}.Debug|x86.ActiveCfg = Debug|x64
		{99324208-6A16-49B7-B98B-15B1935810B0}.Debug|x86.Build.0 = Debug|x64
		{99324208-6A16-49B7-B98B-15B1935810B0}.Dev|Any CPU.ActiveCfg = Debug|x64
		{99324208-6A16-49B7-B98B-15B1935810B0}.Dev|Any CPU.Build.0 = Debug|x64
		{99324208-6A16-49B7-B98B-15B1935810B0}.Dev|ARM.ActiveCfg = Debug|x64
		{99324208-6A16-49B7-B98B-15B1935810B0}.Dev|ARM.Build.0 = Debug|x64
		{99324208-6A16-49B7-B98B-15B1935810B0}.Dev|ARM64.ActiveCfg = Debug|x64
		{99324208-6A16-49B7-B98B-15B1935810B0}.Dev|ARM64.Build.0 = Debug|x64
		{99324208-6A16-49B7-B98B-15B1935810B0}.Dev|x64.ActiveCfg = Release|x64
		{99324208-6A16-49B7-B98B-15B1935810B0}.Dev|x64.Build.0 = Release|x64
		{99324208-6A16-49B7-B98B-15B1935810B0}.Dev|x86.ActiveCfg = Debug|x64
		{99324208-6A16-49B7-B98B-15B1935810B0}.Dev|x86.Build.0 = Debug|x64
		{99324208-6A16-49B7-B98B-15B1935810B0}.Plugin|Any CPU.ActiveCfg = Release|x64
		{99324208-6A16-49B7-B98B-15B1935810B0}.Plugin|Any CPU.Build.0 = Release|x64
		{99324208-6A16-49B7-B98B-15B1935810B0}.Plugin|ARM.ActiveCfg = Release|x64
		{99324208-6A16-49B7-B98B-15B1935810B0}.Plugin|ARM.Build.0 = Release|x64
		{99324208-6A16-49B7-B98B-15B1935810B0}.Plugin|ARM64.ActiveCfg = Release|x64
		{99324208-6A16-49B7-B98B-15B1935810B0}.Plugin|ARM64.Build.0 = Release|x64
		{99324208-6A16-49B7-B98B-15B1935810B0}.Plugin|x64.ActiveCfg = Release|x64
		{99324208-6A16-49B7-B98B-15B1935810B0}.Plugin|x64.Build.0 = Release|x64
		{99324208-6A16-49B7-B98B-15B1935810B0}.Plugin|x86.ActiveCfg = Release|x64
		{99324208-6A16-49B7-B98B-15B1935810B0}.Plugin|x86.Build.0 = Release|x64
		{99324208-6A16-49B7-B98B-15B1935810B0}.Release|Any CPU.ActiveCfg = Release|x64
		{99324208-6A16-49B7-B98B-15B1935810B0}.Release|Any CPU.Build.0 = Release|x64
		{99324208-6A16-49B7-B98B-15B1935810B0}.Release|ARM.ActiveCfg = Release|x64
		{99324208-6A16-49B7-B98B-15B1935810B0}.Release|ARM.Build.0 = Release|x64
		{99324208-6A16-49B7-B98B-15B1935810B0}.Release|ARM64.ActiveCfg = Release|x64
		{99324208-6A16-49B7-B98B-15B1935810B0}.Release|ARM64.Build.0 = Release|x64
		{99324208-6A16-49B7-B98B-15B1935810B0}.Release|x64.ActiveCfg = Release|x64
		{99324208-6A16-49B7-B98B-15B1935810B0}.Release|x64.Build.0 = Release|x64
		{99324208-6A16-49B7-B98B-15B1935810B0}.Release|x86.ActiveCfg = Release|x64
		{99324208-6A16-49B7-B98B-15B1935810B0}.Release|x86.Build.0 = Release|x64
		{E869D1CB-5BB4-4D00-8649-DCAD83BABDF0}.Debug|Any CPU.ActiveCfg = Dev|x64
		{E869D1CB-5BB4-4D00-8649-DCAD83BABDF0}.Debug|Any CPU.Build.0 = Dev|x64
		{E869D1CB-5BB4-4D00-8649-DCAD83BABDF0}.Debug|ARM.ActiveCfg = Dev|x64
		{E869D1CB-5BB4-4D00-8649-DCAD83BABDF0}.Debug|ARM.Build.0 = Dev|x64
		{E869D1CB-5BB4-4D00-8649-DCAD83BABDF0}.Debug|ARM64.ActiveCfg = Dev|x64
		{E869D1CB-5BB4-4D00-8649-DCAD83BABDF0}.Debug|ARM64.Build.0 = Dev|x64
		{E869D1CB-5BB4-4D00-8649-DCAD83BABDF0}.Debug|x64.ActiveCfg = Dev|x64
		{E869D1CB-5BB4-4D00-8649-DCAD83BABDF0}.Debug|x64.Build.0 = Dev|x64
		{E869D1CB-5BB4-4D00-8649-DCAD83BABDF0}.Debug|x86.ActiveCfg = Dev|x64
		{E869D1CB-5BB4-4D00-8649-DCAD83BABDF0}.Debug|x86.Build.0 = Dev|x64
		{E869D1CB-5BB4-4D00-8649-DCAD83BABDF0}.Dev|Any CPU.ActiveCfg = Dev|x64
		{E869D1CB-5BB4-4D00-8649-DCAD83BABDF0}.Dev|Any CPU.Build.0 = Dev|x64
		{E869D1CB-5BB4-4D00-8649-DCAD83BABDF0}.Dev|ARM.ActiveCfg = Dev|x64
		{E869D1CB-5BB4-4D00-8649-DCAD83BABDF0}.Dev|ARM.Build.0 = Dev|x64
		{E869D1CB-5BB4-4D00-8649-DCAD83BABDF0}.Dev|ARM64.ActiveCfg = Dev|x64
		{E869D1CB-5BB4-4D00-8649-DCAD83BABDF0}.Dev|ARM64.Build.0 = Dev|x64
		{E869D1CB-5BB4-4D00-8649-DCAD83BABDF0}.Dev|x64.ActiveCfg = Dev|x64
		{E869D1CB-5BB4-4D00-8649-DCAD83BABDF0}.Dev|x64.Build.0 = Dev|x64
		{E869D1CB-5BB4-4D00-8649-DCAD83BABDF0}.Dev|x86.ActiveCfg = Dev|x64
		{E869D1CB-5BB4-4D00-8649-DCAD83BABDF0}.Dev|x86.Build.0 = Dev|x64
		{E869D1CB-5BB4-4D00-8649-DCAD83BABDF0}.Plugin|Any CPU.ActiveCfg = Plugin|x64
		{E869D1CB-5BB4-4D00-8649-DCAD83BABDF0}.Plugin|Any CPU.Build.0 = Plugin|x64
		{E869D1CB-5BB4-4D00-8649-DCAD83BABDF0}.Plugin|ARM.ActiveCfg = Plugin|x64
		{E869D1CB-5BB4-4D00-8649-DCAD83BABDF0}.Plugin|ARM.Build.0 = Plugin|x64
		{E869D1CB-5BB4-4D00-8649-DCAD83BABDF0}.Plugin|ARM64.ActiveCfg = Plugin|x64
		{E869D1CB-5BB4-4D00-8649-DCAD83BABDF0}.Plugin|ARM64.Build.0 = Plugin|x64
		{E869D1CB-5BB4-4D00-8649-DCAD83BABDF0}.Plugin|x64.ActiveCfg = Plugin|x64
		{E869D1CB-5BB4-4D00-8649-DCAD83BABDF0}.Plugin|x64.Build.0 = Plugin|x64
		{E869D1CB-5BB4-4D00-8649-DCAD83BABDF0}.Plugin|x86.ActiveCfg = Plugin|x64
		{E869D1CB-5BB4-4D00-8649-DCAD83BABDF0}.Plugin|x86.Build.0 = Plugin|x64
		{E869D1CB-5BB4-4D00-8649-DCAD83BABDF0}.Release|Any CPU.ActiveCfg = Release|x64
		{E869D1CB-5BB4-4D00-8649-DCAD83BABDF0}.Release|Any CPU.Build.0 = Release|x64
		{E869D1CB-5BB4-4D00-8649-DCAD83BABDF0}.Release|ARM.ActiveCfg = Release|x64
		{E869D1CB-5BB4-4D00-8649-DCAD83BABDF0}.Release|ARM.Build.0 = Release|x64
		{E869D1CB-5BB4-4D00-8649-DCAD83BABDF0}.Release|ARM64.ActiveCfg = Release|x64
		{E869D1CB-5BB4-4D00-8649-DCAD83BABDF0}.Release|ARM64.Build.0 = Release|x64
		{E869D1CB-5BB4-4D00-8649-DCAD83BABDF0}.Release|x64.ActiveCfg = Release|x64
		{E869D1CB-5BB4-4D00-8649-DCAD83BABDF0}.Release|x64.Build.0 = Release|x64
		{E869D1CB-5BB4-4D00-8649-DCAD83BABDF0}.Release|x86.ActiveCfg = Release|x64
		{E869D1CB-5BB4-4D00-8649-DCAD83BABDF0}.Release|x86.Build.0 = Release|x64
		{416A552C-5E38-4044-BEE8-80C23B42886F}.Debug|Any CPU.ActiveCfg = Debug|x64
		{416A552C-5E38-4044-BEE8-80C23B42886F}.Debug|Any CPU.Build.0 = Debug|x64
		{416A552C-5E38-4044-BEE8-80C23B42886F}.Debug|ARM.ActiveCfg = Debug|x64
		{416A552C-5E38-4044-BEE8-80C23B42886F}.Debug|ARM.Build.0 = Debug|x64
		{416A552C-5E38-4044-BEE8-80C23B42886F}.Debug|ARM64.ActiveCfg = Debug|x64
		{416A552C-5E38-4044-BEE8-80C23B42886F}.Debug|ARM64.Build.0 = Debug|x64
		{416A552C-5E38-4044-BEE8-80C23B42886F}.Debug|x64.ActiveCfg = Debug|x64
		{416A552C-5E38-4044-BEE8-80C23B42886F}.Debug|x64.Build.0 = Debug|x64
		{416A552C-5E38-4044-BEE8-80C23B42886F}.Debug|x86.ActiveCfg = Debug|Win32
		{416A552C-5E38-4044-BEE8-80C23B42886F}.Debug|x86.Build.0 = Debug|Win32
		{416A552C-5E38-4044-BEE8-80C23B42886F}.Dev|Any CPU.ActiveCfg = Debug|x64
		{416A552C-5E38-4044-BEE8-80C23B42886F}.Dev|Any CPU.Build.0 = Debug|x64
		{416A552C-5E38-4044-BEE8-80C23B42886F}.Dev|ARM.ActiveCfg = Debug|x64
		{416A552C-5E38-4044-BEE8-80C23B42886F}.Dev|ARM.Build.0 = Debug|x64
		{416A552C-5E38-4044-BEE8-80C23B42886F}.Dev|ARM64.ActiveCfg = Debug|x64
		{416A552C-5E38-4044-BEE8-80C23B42886F}.Dev|ARM64.Build.0 = Debug|x64
		{416A552C-5E38-4044-BEE8-80C23B42886F}.Dev|x64.ActiveCfg = Debug|x64
		{416A552C-5E38-4044-BEE8-80C23B42886F}.Dev|x64.Build.0 = Debug|x64
		{416A552C-5E38-4044-BEE8-80C23B42886F}.Dev|x86.ActiveCfg = Debug|Win32
		{416A552C-5E38-4044-BEE8-80C23B42886F}.Dev|x86.Build.0 = Debug|Win32
		{416A552C-5E38-4044-BEE8-80C23B42886F}.Plugin|Any CPU.ActiveCfg = Debug|x64
		{416A552C-5E38-4044-BEE8-80C23B42886F}.Plugin|Any CPU.Build.0 = Debug|x64
		{416A552C-5E38-4044-BEE8-80C23B42886F}.Plugin|ARM.ActiveCfg = Debug|x64
		{416A552C-5E38-4044-BEE8-80C23B42886F}.Plugin|ARM.Build.0 = Debug|x64
		{416A552C-5E38-4044-BEE8-80C23B42886F}.Plugin|ARM64.ActiveCfg = Debug|x64
		{416A552C-5E38-4044-BEE8-80C23B42886F}.Plugin|ARM64.Build.0 = Debug|x64
		{416A552C-5E38-4044-BEE8-80C23B42886F}.Plugin|x64.ActiveCfg = Debug|x64
		{416A552C-5E38-4044-BEE8-80C23B42886F}.Plugin|x64.Build.0 = Debug|x64
		{416A552C-5E38-4044-BEE8-80C23B42886F}.Plugin|x86.ActiveCfg = Debug|Win32
		{416A552C-5E38-4044-BEE8-80C23B42886F}.Plugin|x86.Build.0 = Debug|Win32
		{416A552C-5E38-4044-BEE8-80C23B42886F}.Release|Any CPU.ActiveCfg = Release|x64
		{416A552C-5E38-4044-BEE8-80C23B42886F}.Release|Any CPU.Build.0 = Release|x64
		{416A552C-5E38-4044-BEE8-80C23B42886F}.Release|ARM.ActiveCfg = Release|x64
		{416A552C-5E38-4044-BEE8-80C23B42886F}.Release|ARM.Build.0 = Release|x64
		{416A552C-5E38-4044-BEE8-80C23B42886F}.Release|ARM64.ActiveCfg = Release|x64
		{416A552C-5E38-4044-BEE8-80C23B42886F}.Release|ARM64.Build.0 = Release|x64
		{416A552C-5E38-4044-BEE8-80C23B42886F}.Release|x64.ActiveCfg = Release|x64
		{416A552C-5E38-4044-BEE8-80C23B42886F}.Release|x64.Build.0 = Release|x64
		{416A552C-5E38-4044-BEE8-80C23B42886F}.Release|x86.ActiveCfg = Release|Win32
		{416A552C-5E38-4044-BEE8-80C23B42886F}.Release|x86.Build.0 = Release|Win32
		{7BB8A60A-D204-4306-8170-A8A0AA641186}.Debug|Any CPU.ActiveCfg = Debug|x64
		{7BB8A60A-D204-4306-8170-A8A0AA641186}.Debug|Any CPU.Build.0 = Debug|x64
		{7BB8A60A-D204-4306-8170-A8A0AA641186}.Debug|ARM.ActiveCfg = Debug|x64
		{7BB8A60A-D204-4306-8170-A8A0AA641186}.Debug|ARM.Build.0 = Debug|x64
		{7BB8A60A-D204-4306-8170-A8A0AA641186}.Debug|ARM64.ActiveCfg = Debug|x64
		{7BB8A60A-D204-4306-8170-A8A0AA641186}.Debug|ARM64.Build.0 = Debug|x64
		{7BB8A60A-D204-4306-8170-A8A0AA641186}.Debug|x64.ActiveCfg = Debug|x64
		{7BB8A60A-D204-4306-8170-A8A0AA641186}.Debug|x64.Build.0 = Debug|x64
		{7BB8A60A-D204-4306-8170-A8A0AA641186}.Debug|x86.ActiveCfg = Debug|x64
		{7BB8A60A-D204-4306-8170-A8A0AA641186}.Debug|x86.Build.0 = Debug|x64
		{7BB8A60A-D204-4306-8170-A8A0AA641186}.Dev|Any CPU.ActiveCfg = Debug|x64
		{7BB8A60A-D204-4306-8170-A8A0AA641186}.Dev|Any CPU.Build.0 = Debug|x64
		{7BB8A60A-D204-4306-8170-A8A0AA641186}.Dev|ARM.ActiveCfg = Debug|x64
		{7BB8A60A-D204-4306-8170-A8A0AA641186}.Dev|ARM.Build.0 = Debug|x64
		{7BB8A60A-D204-4306-8170-A8A0AA641186}.Dev|ARM64.ActiveCfg = Debug|x64
		{7BB8A60A-D204-4306-8170-A8A0AA641186}.Dev|ARM64.Build.0 = Debug|x64
		{7BB8A60A-D204-4306-8170-A8A0AA641186}.Dev|x64.ActiveCfg = Debug|x64
		{7BB8A60A-D204-4306-8170-A8A0AA641186}.Dev|x64.Build.0 = Debug|x64
		{7BB8A60A-D204-4306-8170-A8A0AA641186}.Dev|x86.ActiveCfg = Debug|x64
		{7BB8A60A-D204-4306-8170-A8A0AA641186}.Dev|x86.Build.0 = Debug|x64
		{7BB8A60A-D204-4306-8170-A8A0AA641186}.Plugin|Any CPU.ActiveCfg = Debug|x64
		{7BB8A60A-D204-4306-8170-A8A0AA641186}.Plugin|Any CPU.Build.0 = Debug|x64
		{7BB8A60A-D204-4306-8170-A8A0AA641186}.Plugin|ARM.ActiveCfg = Debug|x64
		{7BB8A60A-D204-4306-8170-A8A0AA641186}.Plugin|ARM.Build.0 = Debug|x64
		{7BB8A60A-D204-4306-8170-A8A0AA641186}.Plugin|ARM64.ActiveCfg = Debug|x64
		{7BB8A60A-D204-4306-8170-A8A0AA641186}.Plugin|ARM64.Build.0 = Debug|x64
		{7BB8A60A-D204-4306-8170-A8A0AA641186}.Plugin|x64.ActiveCfg = Debug|x64
		{7BB8A60A-D204-4306-8170-A8A0AA641186}.Plugin|x64.Build.0 = Debug|x64
		{7BB8A60A-D204-4306-8170-A8A0AA641186}.Plugin|x86.ActiveCfg = Debug|x64
		{7BB8A60A-D204-4306-8170-A8A0AA641186}.Plugin|x86.Build.0 = Debug|x64
		{7BB8A60A-D204-4306-8170-A8A0AA641186}.Release|Any CPU.ActiveCfg = Release|x64
		{7BB8A60A-D204-4306-8170-A8A0AA641186}.Release|Any CPU.Build.0 = Release|x64
		{7BB8A60A-D204-4306-8170-A8A0AA641186}.Release|ARM.ActiveCfg = Release|x64
		{7BB8A60A-D204-4306-8170-A8A0AA641186}.Release|ARM.Build.0 = Release|x64
		{7BB8A60A-D204-4306-8170-A8A0AA641186}.Release|ARM64.ActiveCfg = Release|x64
		{7BB8A60A-D204-4306-8170-A8A0AA641186}.Release|ARM64.Build.0 = Release|x64
		{7BB8A60A-D204-4306-8170-A8A0AA641186}.Release|x64.ActiveCfg = Release|x64
		{7BB8A60A-D204-4306-8170-A8A0AA641186}.Release|x64.Build.0 = Release|x64
		{7BB8A60A-D204-4306-8170-A8A0AA641186}.Release|x86.ActiveCfg = Release|x64
		{7BB8A60A-D204-4306-8170-A8A0AA641186}.Release|x86.Build.0 = Release|x64
	EndGlobalSection
	GlobalSection(SolutionProperties) = preSolution
		HideSolutionNode = FALSE
	EndGlobalSection
	GlobalSection(NestedProjects) = preSolution
		{99324208-6A16-49B7-B98B-15B1935810B0} = {1E28D6DD-7759-4981-8E38-9F5042C0EC17}
		{416A552C-5E38-4044-BEE8-80C23B42886F} = {1E28D6DD-7759-4981-8E38-9F5042C0EC17}
		{7BB8A60A-D204-4306-8170-A8A0AA641186} = {1E28D6DD-7759-4981-8E38-9F5042C0EC17}
	EndGlobalSection
	GlobalSection(ExtensibilityGlobals) = postSolution
		SolutionGuid = {18CF1644-0694-4AB8-8BC7-27DE9443C8A9}
	EndGlobalSection
EndGlobal
